github.com/aws/aws-lambda-go v1.53.0 h1:uAMv6W/vCP/L494BAUSxe+8KVBIPK+SGPyapFt3FuMk=
github.com/aws/aws-lambda-go v1.53.0/go.mod h1:dpMpZgvWx5vuQJfBt0zqBha60q7Dd7RfgJv23DymV8A=
github.com/aws/aws-sdk-go-v2 v1.40.0 h1:/WMUA0kjhZExjOQN2z3oLALDREea1A7TobfuiBrKlwc=
github.com/aws/aws-sdk-go-v2/aws/protocol/eventstream v1.7.1 h1:i8p8P4diljCr60PpJp6qZXNlgX4m2yQFpYk+9ZT+J4E=
github.com/aws/aws-sdk-go-v2/config v1.31.19 h1:qdUtOw4JhZr2YcKO3g0ho/IcFXfXrrb8xlX05Y6EvSw=
github.com/aws/aws-sdk-go-v2/credentials v1.18.23 h1:IQILcxVgMO2BVLaJ2aAv21dKWvE1MduNrbvuK43XL2Q=
github.com/aws/aws-sdk-go-v2/feature/ec2/imds v1.18.13 h1:T1brd5dR3/fzNFAQch/iBKeX07/ffu/cLu+q+RuzEWk=
github.com/aws/aws-sdk-go-v2/internal/configsources v1.4.14 h1:PZHqQACxYb8mYgms4RZbhZG0a7dPW06xOjmaH0EJC/I=
github.com/aws/aws-sdk-go-v2/internal/endpoints/v2 v2.7.14 h1:bOS19y6zlJwagBfHxs0ESzr1XCOU2KXJCWcq3E2vfjY=
github.com/aws/aws-sdk-go-v2/internal/ini v1.8.4 h1:WKuaxf++XKWlHWu9ECbMlha8WOEGm0OUEZqm4K/Gcfk=
github.com/aws/aws-sdk-go-v2/internal/v4a v1.4.9 h1:w9LnHqTq8MEdlnyhV4Bwfizd65lfNCNgdlNC6mM5paE=
github.com/aws/aws-sdk-go-v2/service/internal/accept-encoding v1.13.3 h1:x2Ibm/Af8Fi+BH+Hsn9TXGdT+hKbDd5XOTZxTMxDk7o=
github.com/aws/aws-sdk-go-v2/service/internal/checksum v1.8.9 h1:by3nYZLR9l8bUH7kgaMU4dJgYFjyRdFEfORlDpPILB4=
github.com/aws/aws-sdk-go-v2/service/internal/presigned-url v1.13.13 h1:kDqdFvMY4AtKoACfzIGD8A0+hbT41KTKF//gq7jITfM=
github.com/aws/aws-sdk-go-v2/service/internal/s3shared v1.19.9 h1:wuZ5uW2uhJR63zwNlqWH2W4aL4ZjeJP3o92/W+odDY4=
github.com/aws/aws-sdk-go-v2/service/s3 v1.88.3 h1:P18I4ipbk+b/3dZNq5YYh+Hq6XC0vp5RWkLp1tJldDA=
github.com/aws/aws-sdk-go-v2/service/sqs v1.42.17 h1:ZNMxVFPayuHe14u/vn+BwLi3wxQvxcNTw8WdPv2gqBc=
github.com/aws/aws-sdk-go-v2/service/sso v1.30.2 h1:/p6MxkbQoCzaGQT3WO0JwG0FlQyG9RD8VmdmoKc5xqU=
github.com/aws/aws-sdk-go-v2/service/ssooidc v1.35.6 h1:0dES42T2dhICCbVB3JSTTn7+Bz93wfJEK1b7jksZIyQ=
github.com/aws/aws-sdk-go-v2/service/sts v1.40.1 h1:5sbIM57lHLaEaNWdIx23JH30LNBsSDkjN/QXGcRLAFc=
github.com/aws/smithy-go v1.23.2 h1:Crv0eatJUQhaManss33hS5r40CG3ZFH+21XSkqMrIUM=
github.com/davecgh/go-spew v1.1.1 h1:vj9j/u1bqnvCEfJOwUhtlOARqs3+rkHYY13jYWTU97c=
github.com/pmezard/go-difflib v1.0.0 h1:4DBwDE0NGyQoBHbLQYPwSUPoCMWR5BEzIk/f1lZbAQM=
github.com/stretchr/testify v1.8.2 h1:+h33VjcLVPDHtOdpUCuF+7gSuG3yGIftsP1YvFihtJ8=
gopkg.in/yaml.v3 v3.0.1 h1:fxVm/GzAzEWqLHuvctI91KS9hhNmmWOoWu0XTYJS7CA=
